
Microsoft Visual Studio Solution File, Format Version 12.00
# Visual Studio Version 17
VisualStudioVersion = 17.0.31903.59
MinimumVisualStudioVersion = 10.0.40219.1
Project("{2150E333-8FDC-42A3-9474-1A3956D46DE8}") = "IdentityService", "IdentityService", "{C92C2A6C-C7DF-3B17-8CE7-85FC08468CCF}"
EndProject
Project("{FAE04EC0-301F-11D3-BF4B-00C04F79EFBC}") = "IdentityService.Api", "src\IdentityService\IdentityService.Api\IdentityService.Api.csproj", "{3716CF52-A6B4-4043-BA14-5264DD8E0F62}"
EndProject
Project("{FAE04EC0-301F-11D3-BF4B-00C04F79EFBC}") = "IdentityService.Application", "src\IdentityService\IdentityService.Application\IdentityService.Application.csproj", "{D9548B18-4F29-40FA-A5AE-398699341BD8}"
EndProject
Project("{FAE04EC0-301F-11D3-BF4B-00C04F79EFBC}") = "IdentityService.Infrastructure", "src\IdentityService\IdentityService.Infrastructure\IdentityService.Infrastructure.csproj", "{199BC364-1CB2-4194-AB8D-5471A567447A}"
EndProject
Project("{FAE04EC0-301F-11D3-BF4B-00C04F79EFBC}") = "IdentityService.Domain", "src\IdentityService\IdentityService.Domain\IdentityService.Domain.csproj", "{D8D662EC-99E4-4AAC-94CF-F62F5D83499A}"
EndProject
Project("{2150E333-8FDC-42A3-9474-1A3956D46DE8}") = "MovieService", "MovieService", "{8D25F17D-3B26-DC3B-353D-D6EF122613FF}"
EndProject
Project("{FAE04EC0-301F-11D3-BF4B-00C04F79EFBC}") = "MovieService.Api", "src\MovieService\MovieService.Api\MovieService.Api.csproj", "{4F5584D6-CD76-4E1B-A0A3-39FA214A2BAF}"
EndProject
Project("{FAE04EC0-301F-11D3-BF4B-00C04F79EFBC}") = "MovieService.Application", "src\MovieService\MovieService.Application\MovieService.Application.csproj", "{73A30B2D-BA8C-4568-8FB5-3D4AA787F7B4}"
EndProject
Project("{FAE04EC0-301F-11D3-BF4B-00C04F79EFBC}") = "MovieService.Infrastructure", "src\MovieService\MovieService.Infrastructure\MovieService.Infrastructure.csproj", "{C2C17712-193E-4D04-8A4B-A6C1720F529C}"
EndProject
Project("{FAE04EC0-301F-11D3-BF4B-00C04F79EFBC}") = "MovieService.Domain", "src\MovieService\MovieService.Domain\MovieService.Domain.csproj", "{91D4FE2B-72BF-4EFC-AF1D-BB6CB698A2FD}"
EndProject
Project("{2150E333-8FDC-42A3-9474-1A3956D46DE8}") = "RatingService", "RatingService", "{53DF6FB0-32CB-45A5-8E68-A4B4B1635994}"
EndProject
Project("{FAE04EC0-301F-11D3-BF4B-00C04F79EFBC}") = "RatingService.Api", "src\RatingService\RatingService.Api\RatingService.Api.csproj", "{3783FECC-D8AD-464C-9E12-956F76895D6E}"
EndProject
Project("{FAE04EC0-301F-11D3-BF4B-00C04F79EFBC}") = "RatingService.Application", "src\RatingService\RatingService.Application\RatingService.Application.csproj", "{2E058A5B-0A5A-417C-8B6C-DA55A46E0AB7}"
EndProject
Project("{FAE04EC0-301F-11D3-BF4B-00C04F79EFBC}") = "RatingService.Infrastructure", "src\RatingService\RatingService.Infrastructure\RatingService.Infrastructure.csproj", "{CACE0F7A-9026-4747-89C8-6D3C9E8328A6}"
EndProject
Project("{FAE04EC0-301F-11D3-BF4B-00C04F79EFBC}") = "RatingService.Domain", "src\RatingService\RatingService.Domain\RatingService.Domain.csproj", "{D6AACED3-06CB-4F30-B62B-E7F08D436013}"
EndProject
Global
	GlobalSection(SolutionConfigurationPlatforms) = preSolution
		Debug|Any CPU = Debug|Any CPU
		Debug|x64 = Debug|x64
		Debug|x86 = Debug|x86
		Release|Any CPU = Release|Any CPU
		Release|x64 = Release|x64
		Release|x86 = Release|x86
	EndGlobalSection
	GlobalSection(ProjectConfigurationPlatforms) = postSolution
		{3716CF52-A6B4-4043-BA14-5264DD8E0F62}.Debug|Any CPU.ActiveCfg = Debug|Any CPU
		{3716CF52-A6B4-4043-BA14-5264DD8E0F62}.Debug|Any CPU.Build.0 = Debug|Any CPU
		{3716CF52-A6B4-4043-BA14-5264DD8E0F62}.Debug|x64.ActiveCfg = Debug|Any CPU
		{3716CF52-A6B4-4043-BA14-5264DD8E0F62}.Debug|x64.Build.0 = Debug|Any CPU
		{3716CF52-A6B4-4043-BA14-5264DD8E0F62}.Debug|x86.ActiveCfg = Debug|Any CPU
		{3716CF52-A6B4-4043-BA14-5264DD8E0F62}.Debug|x86.Build.0 = Debug|Any CPU
		{3716CF52-A6B4-4043-BA14-5264DD8E0F62}.Release|Any CPU.ActiveCfg = Release|Any CPU
		{3716CF52-A6B4-4043-BA14-5264DD8E0F62}.Release|Any CPU.Build.0 = Release|Any CPU
		{3716CF52-A6B4-4043-BA14-5264DD8E0F62}.Release|x64.ActiveCfg = Release|Any CPU
		{3716CF52-A6B4-4043-BA14-5264DD8E0F62}.Release|x64.Build.0 = Release|Any CPU
		{3716CF52-A6B4-4043-BA14-5264DD8E0F62}.Release|x86.ActiveCfg = Release|Any CPU
		{3716CF52-A6B4-4043-BA14-5264DD8E0F62}.Release|x86.Build.0 = Release|Any CPU
		{D9548B18-4F29-40FA-A5AE-398699341BD8}.Debug|Any CPU.ActiveCfg = Debug|Any CPU
		{D9548B18-4F29-40FA-A5AE-398699341BD8}.Debug|Any CPU.Build.0 = Debug|Any CPU
		{D9548B18-4F29-40FA-A5AE-398699341BD8}.Debug|x64.ActiveCfg = Debug|Any CPU
		{D9548B18-4F29-40FA-A5AE-398699341BD8}.Debug|x64.Build.0 = Debug|Any CPU
		{D9548B18-4F29-40FA-A5AE-398699341BD8}.Debug|x86.ActiveCfg = Debug|Any CPU
		{D9548B18-4F29-40FA-A5AE-398699341BD8}.Debug|x86.Build.0 = Debug|Any CPU
		{D9548B18-4F29-40FA-A5AE-398699341BD8}.Release|Any CPU.ActiveCfg = Release|Any CPU
		{D9548B18-4F29-40FA-A5AE-398699341BD8}.Release|Any CPU.Build.0 = Release|Any CPU
		{D9548B18-4F29-40FA-A5AE-398699341BD8}.Release|x64.ActiveCfg = Release|Any CPU
		{D9548B18-4F29-40FA-A5AE-398699341BD8}.Release|x64.Build.0 = Release|Any CPU
		{D9548B18-4F29-40FA-A5AE-398699341BD8}.Release|x86.ActiveCfg = Release|Any CPU
		{D9548B18-4F29-40FA-A5AE-398699341BD8}.Release|x86.Build.0 = Release|Any CPU
		{199BC364-1CB2-4194-AB8D-5471A567447A}.Debug|Any CPU.ActiveCfg = Debug|Any CPU
		{199BC364-1CB2-4194-AB8D-5471A567447A}.Debug|Any CPU.Build.0 = Debug|Any CPU
		{199BC364-1CB2-4194-AB8D-5471A567447A}.Debug|x64.ActiveCfg = Debug|Any CPU
		{199BC364-1CB2-4194-AB8D-5471A567447A}.Debug|x64.Build.0 = Debug|Any CPU
		{199BC364-1CB2-4194-AB8D-5471A567447A}.Debug|x86.ActiveCfg = Debug|Any CPU
		{199BC364-1CB2-4194-AB8D-5471A567447A}.Debug|x86.Build.0 = Debug|Any CPU
		{199BC364-1CB2-4194-AB8D-5471A567447A}.Release|Any CPU.ActiveCfg = Release|Any CPU
		{199BC364-1CB2-4194-AB8D-5471A567447A}.Release|Any CPU.Build.0 = Release|Any CPU
		{199BC364-1CB2-4194-AB8D-5471A567447A}.Release|x64.ActiveCfg = Release|Any CPU
		{199BC364-1CB2-4194-AB8D-5471A567447A}.Release|x64.Build.0 = Release|Any CPU
		{199BC364-1CB2-4194-AB8D-5471A567447A}.Release|x86.ActiveCfg = Release|Any CPU
		{199BC364-1CB2-4194-AB8D-5471A567447A}.Release|x86.Build.0 = Release|Any CPU
		{D8D662EC-99E4-4AAC-94CF-F62F5D83499A}.Debug|Any CPU.ActiveCfg = Debug|Any CPU
		{D8D662EC-99E4-4AAC-94CF-F62F5D83499A}.Debug|Any CPU.Build.0 = Debug|Any CPU
		{D8D662EC-99E4-4AAC-94CF-F62F5D83499A}.Debug|x64.ActiveCfg = Debug|Any CPU
		{D8D662EC-99E4-4AAC-94CF-F62F5D83499A}.Debug|x64.Build.0 = Debug|Any CPU
		{D8D662EC-99E4-4AAC-94CF-F62F5D83499A}.Debug|x86.ActiveCfg = Debug|Any CPU
		{D8D662EC-99E4-4AAC-94CF-F62F5D83499A}.Debug|x86.Build.0 = Debug|Any CPU
		{D8D662EC-99E4-4AAC-94CF-F62F5D83499A}.Release|Any CPU.ActiveCfg = Release|Any CPU
		{D8D662EC-99E4-4AAC-94CF-F62F5D83499A}.Release|Any CPU.Build.0 = Release|Any CPU
		{D8D662EC-99E4-4AAC-94CF-F62F5D83499A}.Release|x64.ActiveCfg = Release|Any CPU
		{D8D662EC-99E4-4AAC-94CF-F62F5D83499A}.Release|x64.Build.0 = Release|Any CPU
		{D8D662EC-99E4-4AAC-94CF-F62F5D83499A}.Release|x86.ActiveCfg = Release|Any CPU
		{D8D662EC-99E4-4AAC-94CF-F62F5D83499A}.Release|x86.Build.0 = Release|Any CPU
		{4F5584D6-CD76-4E1B-A0A3-39FA214A2BAF}.Debug|Any CPU.ActiveCfg = Debug|Any CPU
		{4F5584D6-CD76-4E1B-A0A3-39FA214A2BAF}.Debug|Any CPU.Build.0 = Debug|Any CPU
		{4F5584D6-CD76-4E1B-A0A3-39FA214A2BAF}.Debug|x64.ActiveCfg = Debug|Any CPU
		{4F5584D6-CD76-4E1B-A0A3-39FA214A2BAF}.Debug|x64.Build.0 = Debug|Any CPU
		{4F5584D6-CD76-4E1B-A0A3-39FA214A2BAF}.Debug|x86.ActiveCfg = Debug|Any CPU
		{4F5584D6-CD76-4E1B-A0A3-39FA214A2BAF}.Debug|x86.Build.0 = Debug|Any CPU
		{4F5584D6-CD76-4E1B-A0A3-39FA214A2BAF}.Release|Any CPU.ActiveCfg = Release|Any CPU
		{4F5584D6-CD76-4E1B-A0A3-39FA214A2BAF}.Release|Any CPU.Build.0 = Release|Any CPU
		{4F5584D6-CD76-4E1B-A0A3-39FA214A2BAF}.Release|x64.ActiveCfg = Release|Any CPU
		{4F5584D6-CD76-4E1B-A0A3-39FA214A2BAF}.Release|x64.Build.0 = Release|Any CPU
		{4F5584D6-CD76-4E1B-A0A3-39FA214A2BAF}.Release|x86.ActiveCfg = Release|Any CPU
		{4F5584D6-CD76-4E1B-A0A3-39FA214A2BAF}.Release|x86.Build.0 = Release|Any CPU
		{73A30B2D-BA8C-4568-8FB5-3D4AA787F7B4}.Debug|Any CPU.ActiveCfg = Debug|Any CPU
		{73A30B2D-BA8C-4568-8FB5-3D4AA787F7B4}.Debug|Any CPU.Build.0 = Debug|Any CPU
		{73A30B2D-BA8C-4568-8FB5-3D4AA787F7B4}.Debug|x64.ActiveCfg = Debug|Any CPU
		{73A30B2D-BA8C-4568-8FB5-3D4AA787F7B4}.Debug|x64.Build.0 = Debug|Any CPU
		{73A30B2D-BA8C-4568-8FB5-3D4AA787F7B4}.Debug|x86.ActiveCfg = Debug|Any CPU
		{73A30B2D-BA8C-4568-8FB5-3D4AA787F7B4}.Debug|x86.Build.0 = Debug|Any CPU
		{73A30B2D-BA8C-4568-8FB5-3D4AA787F7B4}.Release|Any CPU.ActiveCfg = Release|Any CPU
		{73A30B2D-BA8C-4568-8FB5-3D4AA787F7B4}.Release|Any CPU.Build.0 = Release|Any CPU
		{73A30B2D-BA8C-4568-8FB5-3D4AA787F7B4}.Release|x64.ActiveCfg = Release|Any CPU
		{73A30B2D-BA8C-4568-8FB5-3D4AA787F7B4}.Release|x64.Build.0 = Release|Any CPU
		{73A30B2D-BA8C-4568-8FB5-3D4AA787F7B4}.Release|x86.ActiveCfg = Release|Any CPU
		{73A30B2D-BA8C-4568-8FB5-3D4AA787F7B4}.Release|x86.Build.0 = Release|Any CPU
		{C2C17712-193E-4D04-8A4B-A6C1720F529C}.Debug|Any CPU.ActiveCfg = Debug|Any CPU
		{C2C17712-193E-4D04-8A4B-A6C1720F529C}.Debug|Any CPU.Build.0 = Debug|Any CPU
		{C2C17712-193E-4D04-8A4B-A6C1720F529C}.Debug|x64.ActiveCfg = Debug|Any CPU
		{C2C17712-193E-4D04-8A4B-A6C1720F529C}.Debug|x64.Build.0 = Debug|Any CPU
		{C2C17712-193E-4D04-8A4B-A6C1720F529C}.Debug|x86.ActiveCfg = Debug|Any CPU
		{C2C17712-193E-4D04-8A4B-A6C1720F529C}.Debug|x86.Build.0 = Debug|Any CPU
		{C2C17712-193E-4D04-8A4B-A6C1720F529C}.Release|Any CPU.ActiveCfg = Release|Any CPU
		{C2C17712-193E-4D04-8A4B-A6C1720F529C}.Release|Any CPU.Build.0 = Release|Any CPU
		{C2C17712-193E-4D04-8A4B-A6C1720F529C}.Release|x64.ActiveCfg = Release|Any CPU
		{C2C17712-193E-4D04-8A4B-A6C1720F529C}.Release|x64.Build.0 = Release|Any CPU
		{C2C17712-193E-4D04-8A4B-A6C1720F529C}.Release|x86.ActiveCfg = Release|Any CPU
		{C2C17712-193E-4D04-8A4B-A6C1720F529C}.Release|x86.Build.0 = Release|Any CPU
		{91D4FE2B-72BF-4EFC-AF1D-BB6CB698A2FD}.Debug|Any CPU.ActiveCfg = Debug|Any CPU
		{91D4FE2B-72BF-4EFC-AF1D-BB6CB698A2FD}.Debug|Any CPU.Build.0 = Debug|Any CPU
		{91D4FE2B-72BF-4EFC-AF1D-BB6CB698A2FD}.Debug|x64.ActiveCfg = Debug|Any CPU
		{91D4FE2B-72BF-4EFC-AF1D-BB6CB698A2FD}.Debug|x64.Build.0 = Debug|Any CPU
		{91D4FE2B-72BF-4EFC-AF1D-BB6CB698A2FD}.Debug|x86.ActiveCfg = Debug|Any CPU
		{91D4FE2B-72BF-4EFC-AF1D-BB6CB698A2FD}.Debug|x86.Build.0 = Debug|Any CPU
		{91D4FE2B-72BF-4EFC-AF1D-BB6CB698A2FD}.Release|Any CPU.ActiveCfg = Release|Any CPU
		{91D4FE2B-72BF-4EFC-AF1D-BB6CB698A2FD}.Release|Any CPU.Build.0 = Release|Any CPU
		{91D4FE2B-72BF-4EFC-AF1D-BB6CB698A2FD}.Release|x64.ActiveCfg = Release|Any CPU
		{91D4FE2B-72BF-4EFC-AF1D-BB6CB698A2FD}.Release|x64.Build.0 = Release|Any CPU
		{91D4FE2B-72BF-4EFC-AF1D-BB6CB698A2FD}.Release|x86.ActiveCfg = Release|Any CPU
		{91D4FE2B-72BF-4EFC-AF1D-BB6CB698A2FD}.Release|x86.Build.0 = Release|Any CPU
		{3783FECC-D8AD-464C-9E12-956F76895D6E}.Debug|Any CPU.ActiveCfg = Debug|Any CPU
		{3783FECC-D8AD-464C-9E12-956F76895D6E}.Debug|Any CPU.Build.0 = Debug|Any CPU
		{3783FECC-D8AD-464C-9E12-956F76895D6E}.Debug|x64.ActiveCfg = Debug|Any CPU
		{3783FECC-D8AD-464C-9E12-956F76895D6E}.Debug|x64.Build.0 = Debug|Any CPU
		{3783FECC-D8AD-464C-9E12-956F76895D6E}.Debug|x86.ActiveCfg = Debug|Any CPU
		{3783FECC-D8AD-464C-9E12-956F76895D6E}.Debug|x86.Build.0 = Debug|Any CPU
		{3783FECC-D8AD-464C-9E12-956F76895D6E}.Release|Any CPU.ActiveCfg = Release|Any CPU
		{3783FECC-D8AD-464C-9E12-956F76895D6E}.Release|Any CPU.Build.0 = Release|Any CPU
		{3783FECC-D8AD-464C-9E12-956F76895D6E}.Release|x64.ActiveCfg = Release|Any CPU
		{3783FECC-D8AD-464C-9E12-956F76895D6E}.Release|x64.Build.0 = Release|Any CPU
		{3783FECC-D8AD-464C-9E12-956F76895D6E}.Release|x86.ActiveCfg = Release|Any CPU
		{3783FECC-D8AD-464C-9E12-956F76895D6E}.Release|x86.Build.0 = Release|Any CPU
		{2E058A5B-0A5A-417C-8B6C-DA55A46E0AB7}.Debug|Any CPU.ActiveCfg = Debug|Any CPU
		{2E058A5B-0A5A-417C-8B6C-DA55A46E0AB7}.Debug|Any CPU.Build.0 = Debug|Any CPU
		{2E058A5B-0A5A-417C-8B6C-DA55A46E0AB7}.Debug|x64.ActiveCfg = Debug|Any CPU
		{2E058A5B-0A5A-417C-8B6C-DA55A46E0AB7}.Debug|x64.Build.0 = Debug|Any CPU
		{2E058A5B-0A5A-417C-8B6C-DA55A46E0AB7}.Debug|x86.ActiveCfg = Debug|Any CPU
		{2E058A5B-0A5A-417C-8B6C-DA55A46E0AB7}.Debug|x86.Build.0 = Debug|Any CPU
		{2E058A5B-0A5A-417C-8B6C-DA55A46E0AB7}.Release|Any CPU.ActiveCfg = Release|Any CPU
		{2E058A5B-0A5A-417C-8B6C-DA55A46E0AB7}.Release|Any CPU.Build.0 = Release|Any CPU
		{2E058A5B-0A5A-417C-8B6C-DA55A46E0AB7}.Release|x64.ActiveCfg = Release|Any CPU
		{2E058A5B-0A5A-417C-8B6C-DA55A46E0AB7}.Release|x64.Build.0 = Release|Any CPU
		{2E058A5B-0A5A-417C-8B6C-DA55A46E0AB7}.Release|x86.ActiveCfg = Release|Any CPU
		{2E058A5B-0A5A-417C-8B6C-DA55A46E0AB7}.Release|x86.Build.0 = Release|Any CPU
		{CACE0F7A-9026-4747-89C8-6D3C9E8328A6}.Debug|Any CPU.ActiveCfg = Debug|Any CPU
		{CACE0F7A-9026-4747-89C8-6D3C9E8328A6}.Debug|Any CPU.Build.0 = Debug|Any CPU
		{CACE0F7A-9026-4747-89C8-6D3C9E8328A6}.Debug|x64.ActiveCfg = Debug|Any CPU
		{CACE0F7A-9026-4747-89C8-6D3C9E8328A6}.Debug|x64.Build.0 = Debug|Any CPU
		{CACE0F7A-9026-4747-89C8-6D3C9E8328A6}.Debug|x86.ActiveCfg = Debug|Any CPU
		{CACE0F7A-9026-4747-89C8-6D3C9E8328A6}.Debug|x86.Build.0 = Debug|Any CPU
		{CACE0F7A-9026-4747-89C8-6D3C9E8328A6}.Release|Any CPU.ActiveCfg = Release|Any CPU
		{CACE0F7A-9026-4747-89C8-6D3C9E8328A6}.Release|Any CPU.Build.0 = Release|Any CPU
		{CACE0F7A-9026-4747-89C8-6D3C9E8328A6}.Release|x64.ActiveCfg = Release|Any CPU
		{CACE0F7A-9026-4747-89C8-6D3C9E8328A6}.Release|x64.Build.0 = Release|Any CPU
		{CACE0F7A-9026-4747-89C8-6D3C9E8328A6}.Release|x86.ActiveCfg = Release|Any CPU
		{CACE0F7A-9026-4747-89C8-6D3C9E8328A6}.Release|x86.Build.0 = Release|Any CPU
		{D6AACED3-06CB-4F30-B62B-E7F08D436013}.Debug|Any CPU.ActiveCfg = Debug|Any CPU
		{D6AACED3-06CB-4F30-B62B-E7F08D436013}.Debug|Any CPU.Build.0 = Debug|Any CPU
		{D6AACED3-06CB-4F30-B62B-E7F08D436013}.Debug|x64.ActiveCfg = Debug|Any CPU
		{D6AACED3-06CB-4F30-B62B-E7F08D436013}.Debug|x64.Build.0 = Debug|Any CPU
		{D6AACED3-06CB-4F30-B62B-E7F08D436013}.Debug|x86.ActiveCfg = Debug|Any CPU
		{D6AACED3-06CB-4F30-B62B-E7F08D436013}.Debug|x86.Build.0 = Debug|Any CPU
		{D6AACED3-06CB-4F30-B62B-E7F08D436013}.Release|Any CPU.ActiveCfg = Release|Any CPU
		{D6AACED3-06CB-4F30-B62B-E7F08D436013}.Release|Any CPU.Build.0 = Release|Any CPU
		{D6AACED3-06CB-4F30-B62B-E7F08D436013}.Release|x64.ActiveCfg = Release|Any CPU
		{D6AACED3-06CB-4F30-B62B-E7F08D436013}.Release|x64.Build.0 = Release|Any CPU
		{D6AACED3-06CB-4F30-B62B-E7F08D436013}.Release|x86.ActiveCfg = Release|Any CPU
		{D6AACED3-06CB-4F30-B62B-E7F08D436013}.Release|x86.Build.0 = Release|Any CPU
	EndGlobalSection
	GlobalSection(SolutionProperties) = preSolution
		HideSolutionNode = FALSE
	EndGlobalSection
	GlobalSection(NestedProjects) = preSolution
		{3716CF52-A6B4-4043-BA14-5264DD8E0F62} = {C92C2A6C-C7DF-3B17-8CE7-85FC08468CCF}
		{D9548B18-4F29-40FA-A5AE-398699341BD8} = {C92C2A6C-C7DF-3B17-8CE7-85FC08468CCF}
		{199BC364-1CB2-4194-AB8D-5471A567447A} = {C92C2A6C-C7DF-3B17-8CE7-85FC08468CCF}
		{D8D662EC-99E4-4AAC-94CF-F62F5D83499A} = {C92C2A6C-C7DF-3B17-8CE7-85FC08468CCF}
		{4F5584D6-CD76-4E1B-A0A3-39FA214A2BAF} = {8D25F17D-3B26-DC3B-353D-D6EF122613FF}
		{73A30B2D-BA8C-4568-8FB5-3D4AA787F7B4} = {8D25F17D-3B26-DC3B-353D-D6EF122613FF}
		{C2C17712-193E-4D04-8A4B-A6C1720F529C} = {8D25F17D-3B26-DC3B-353D-D6EF122613FF}
		{91D4FE2B-72BF-4EFC-AF1D-BB6CB698A2FD} = {8D25F17D-3B26-DC3B-353D-D6EF122613FF}
		{3783FECC-D8AD-464C-9E12-956F76895D6E} = {53DF6FB0-32CB-45A5-8E68-A4B4B1635994}
		{2E058A5B-0A5A-417C-8B6C-DA55A46E0AB7} = {53DF6FB0-32CB-45A5-8E68-A4B4B1635994}
		{CACE0F7A-9026-4747-89C8-6D3C9E8328A6} = {53DF6FB0-32CB-45A5-8E68-A4B4B1635994}
		{D6AACED3-06CB-4F30-B62B-E7F08D436013} = {53DF6FB0-32CB-45A5-8E68-A4B4B1635994}
	EndGlobalSection
EndGlobal
